
Microsoft Visual Studio Solution File, Format Version 12.00
# Visual Studio 15
Project("{FAE04EC0-301F-11D3-BF4B-00C04F79EFBC}") = "CurriculumVitae.Forms.Android", "CurriculumVitae.Forms.Android\CurriculumVitae.Forms.Android.csproj", "{E709F7D4-8F86-4B94-A4A1-40DB38F54AC2}"
EndProject
Project("{FAE04EC0-301F-11D3-BF4B-00C04F79EFBC}") = "CurriculumVitae.Forms.iOS", "CurriculumVitae.Forms.iOS\CurriculumVitae.Forms.iOS.csproj", "{B391EC9D-97F9-4F75-B60A-8F8D6DCC0823}"
EndProject
Project("{FAE04EC0-301F-11D3-BF4B-00C04F79EFBC}") = "CurriculumVitae.Forms", "CurriculumVitae.Forms\CurriculumVitae.Forms.csproj", "{7F2E2FD6-FFC2-4B9C-A48E-96DF23649F6E}"
EndProject
Global
	GlobalSection(SolutionConfigurationPlatforms) = preSolution
		Debug|Any CPU = Debug|Any CPU
		Release|Any CPU = Release|Any CPU
		Debug|iPhoneSimulator = Debug|iPhoneSimulator
		Release|iPhoneSimulator = Release|iPhoneSimulator
		Debug|iPhone = Debug|iPhone
		Release|iPhone = Release|iPhone
	EndGlobalSection
	GlobalSection(ProjectConfigurationPlatforms) = postSolution
		{E709F7D4-8F86-4B94-A4A1-40DB38F54AC2}.Debug|Any CPU.ActiveCfg = Debug|Any CPU
		{E709F7D4-8F86-4B94-A4A1-40DB38F54AC2}.Debug|Any CPU.Build.0 = Debug|Any CPU
		{E709F7D4-8F86-4B94-A4A1-40DB38F54AC2}.Release|Any CPU.ActiveCfg = Release|Any CPU
		{E709F7D4-8F86-4B94-A4A1-40DB38F54AC2}.Release|Any CPU.Build.0 = Release|Any CPU
		{E709F7D4-8F86-4B94-A4A1-40DB38F54AC2}.Debug|iPhoneSimulator.ActiveCfg = Debug|Any CPU
		{E709F7D4-8F86-4B94-A4A1-40DB38F54AC2}.Debug|iPhoneSimulator.Build.0 = Debug|Any CPU
		{E709F7D4-8F86-4B94-A4A1-40DB38F54AC2}.Release|iPhoneSimulator.ActiveCfg = Release|Any CPU
		{E709F7D4-8F86-4B94-A4A1-40DB38F54AC2}.Release|iPhoneSimulator.Build.0 = Release|Any CPU
		{E709F7D4-8F86-4B94-A4A1-40DB38F54AC2}.Debug|iPhone.ActiveCfg = Debug|Any CPU
		{E709F7D4-8F86-4B94-A4A1-40DB38F54AC2}.Debug|iPhone.Build.0 = Debug|Any CPU
		{E709F7D4-8F86-4B94-A4A1-40DB38F54AC2}.Release|iPhone.ActiveCfg = Release|Any CPU
		{E709F7D4-8F86-4B94-A4A1-40DB38F54AC2}.Release|iPhone.Build.0 = Release|Any CPU
		{B391EC9D-97F9-4F75-B60A-8F8D6DCC0823}.Debug|Any CPU.ActiveCfg = Debug|iPhoneSimulator
		{B391EC9D-97F9-4F75-B60A-8F8D6DCC0823}.Debug|Any CPU.Build.0 = Debug|iPhoneSimulator
		{B391EC9D-97F9-4F75-B60A-8F8D6DCC0823}.Release|Any CPU.ActiveCfg = Release|iPhoneSimulator
		{B391EC9D-97F9-4F75-B60A-8F8D6DCC0823}.Release|Any CPU.Build.0 = Release|iPhoneSimulator
		{B391EC9D-97F9-4F75-B60A-8F8D6DCC0823}.Debug|iPhoneSimulator.ActiveCfg = Debug|iPhoneSimulator
		{B391EC9D-97F9-4F75-B60A-8F8D6DCC0823}.Debug|iPhoneSimulator.Build.0 = Debug|iPhoneSimulator
		{B391EC9D-97F9-4F75-B60A-8F8D6DCC0823}.Release|iPhoneSimulator.ActiveCfg = Release|iPhoneSimulator
		{B391EC9D-97F9-4F75-B60A-8F8D6DCC0823}.Release|iPhoneSimulator.Build.0 = Release|iPhoneSimulator
		{B391EC9D-97F9-4F75-B60A-8F8D6DCC0823}.Debug|iPhone.ActiveCfg = Debug|iPhone
		{B391EC9D-97F9-4F75-B60A-8F8D6DCC0823}.Debug|iPhone.Build.0 = Debug|iPhone
		{B391EC9D-97F9-4F75-B60A-8F8D6DCC0823}.Release|iPhone.ActiveCfg = Release|iPhone
		{B391EC9D-97F9-4F75-B60A-8F8D6DCC0823}.Release|iPhone.Build.0 = Release|iPhone
		{7F2E2FD6-FFC2-4B9C-A48E-96DF23649F6E}.Debug|Any CPU.ActiveCfg = Debug|Any CPU
		{7F2E2FD6-FFC2-4B9C-A48E-96DF23649F6E}.Debug|Any CPU.Build.0 = Debug|Any CPU
		{7F2E2FD6-FFC2-4B9C-A48E-96DF23649F6E}.Release|Any CPU.ActiveCfg = Release|Any CPU
		{7F2E2FD6-FFC2-4B9C-A48E-96DF23649F6E}.Release|Any CPU.Build.0 = Release|Any CPU
		{7F2E2FD6-FFC2-4B9C-A48E-96DF23649F6E}.Debug|iPhoneSimulator.ActiveCfg = Debug|Any CPU
		{7F2E2FD6-FFC2-4B9C-A48E-96DF23649F6E}.Debug|iPhoneSimulator.Build.0 = Debug|Any CPU
		{7F2E2FD6-FFC2-4B9C-A48E-96DF23649F6E}.Release|iPhoneSimulator.ActiveCfg = Release|Any CPU
		{7F2E2FD6-FFC2-4B9C-A48E-96DF23649F6E}.Release|iPhoneSimulator.Build.0 = Release|Any CPU
		{7F2E2FD6-FFC2-4B9C-A48E-96DF23649F6E}.Debug|iPhone.ActiveCfg = Debug|Any CPU
		{7F2E2FD6-FFC2-4B9C-A48E-96DF23649F6E}.Debug|iPhone.Build.0 = Debug|Any CPU
		{7F2E2FD6-FFC2-4B9C-A48E-96DF23649F6E}.Release|iPhone.ActiveCfg = Release|Any CPU
		{7F2E2FD6-FFC2-4B9C-A48E-96DF23649F6E}.Release|iPhone.Build.0 = Release|Any CPU
	EndGlobalSection
EndGlobal
